
Microsoft Visual Studio Solution File, Format Version 12.00
# Visual Studio Version 17
VisualStudioVersion = 17.4.32804.182
MinimumVisualStudioVersion = 10.0.40219.1
Project("{9A19103F-16F7-4668-BE54-9A1E7A4F7556}") = "buddhaslice", "buddhaslice.csproj", "{DB58547E-457A-456E-A6CF-3049A6F7BA7A}"
	ProjectSection(ProjectDependencies) = postProject
		{C9A86649-59AB-4693-8957-70F1E6A3B902} = {C9A86649-59AB-4693-8957-70F1E6A3B902}
	EndProjectSection
EndProject
Project("{8BC9CEB8-8B4A-11D0-8D11-00A0C91BC942}") = "native", "D:\DEV\buddhaslice\native\native.vcxproj", "{C9A86649-59AB-4693-8957-70F1E6A3B902}"
EndProject
Global
	GlobalSection(SolutionConfigurationPlatforms) = preSolution
		Debug|Any CPU = Debug|Any CPU
		Debug|x64 = Debug|x64
		Debug|x86 = Debug|x86
		Release|Any CPU = Release|Any CPU
		Release|x64 = Release|x64
		Release|x86 = Release|x86
	EndGlobalSection
	GlobalSection(ProjectConfigurationPlatforms) = postSolution
		{DB58547E-457A-456E-A6CF-3049A6F7BA7A}.Debug|Any CPU.ActiveCfg = Debug|Any CPU
		{DB58547E-457A-456E-A6CF-3049A6F7BA7A}.Debug|Any CPU.Build.0 = Debug|Any CPU
		{DB58547E-457A-456E-A6CF-3049A6F7BA7A}.Debug|x64.ActiveCfg = Debug|Any CPU
		{DB58547E-457A-456E-A6CF-3049A6F7BA7A}.Debug|x64.Build.0 = Debug|Any CPU
		{DB58547E-457A-456E-A6CF-3049A6F7BA7A}.Debug|x86.ActiveCfg = Debug|Any CPU
		{DB58547E-457A-456E-A6CF-3049A6F7BA7A}.Debug|x86.Build.0 = Debug|Any CPU
		{DB58547E-457A-456E-A6CF-3049A6F7BA7A}.Release|Any CPU.ActiveCfg = Release|Any CPU
		{DB58547E-457A-456E-A6CF-3049A6F7BA7A}.Release|Any CPU.Build.0 = Release|Any CPU
		{DB58547E-457A-456E-A6CF-3049A6F7BA7A}.Release|x64.ActiveCfg = Release|Any CPU
		{DB58547E-457A-456E-A6CF-3049A6F7BA7A}.Release|x64.Build.0 = Release|Any CPU
		{DB58547E-457A-456E-A6CF-3049A6F7BA7A}.Release|x86.ActiveCfg = Release|Any CPU
		{DB58547E-457A-456E-A6CF-3049A6F7BA7A}.Release|x86.Build.0 = Release|Any CPU
		{C9A86649-59AB-4693-8957-70F1E6A3B902}.Debug|Any CPU.ActiveCfg = Debug|x64
		{C9A86649-59AB-4693-8957-70F1E6A3B902}.Debug|Any CPU.Build.0 = Debug|x64
		{C9A86649-59AB-4693-8957-70F1E6A3B902}.Debug|x64.ActiveCfg = Debug|x64
		{C9A86649-59AB-4693-8957-70F1E6A3B902}.Debug|x64.Build.0 = Debug|x64
		{C9A86649-59AB-4693-8957-70F1E6A3B902}.Debug|x86.ActiveCfg = Debug|Win32
		{C9A86649-59AB-4693-8957-70F1E6A3B902}.Debug|x86.Build.0 = Debug|Win32
		{C9A86649-59AB-4693-8957-70F1E6A3B902}.Release|Any CPU.ActiveCfg = Release|x64
		{C9A86649-59AB-4693-8957-70F1E6A3B902}.Release|Any CPU.Build.0 = Release|x64
		{C9A86649-59AB-4693-8957-70F1E6A3B902}.Release|x64.ActiveCfg = Release|x64
		{C9A86649-59AB-4693-8957-70F1E6A3B902}.Release|x64.Build.0 = Release|x64
		{C9A86649-59AB-4693-8957-70F1E6A3B902}.Release|x86.ActiveCfg = Release|Win32
		{C9A86649-59AB-4693-8957-70F1E6A3B902}.Release|x86.Build.0 = Release|Win32
	EndGlobalSection
	GlobalSection(SolutionProperties) = preSolution
		HideSolutionNode = FALSE
	EndGlobalSection
	GlobalSection(ExtensibilityGlobals) = postSolution
		SolutionGuid = {9FDDF559-2605-45A0-A5BA-E89216589E06}
	EndGlobalSection
EndGlobal
